// !$*UTF8*$!
{
	archiveVersion = 1;
	classes = {
	};
	objectVersion = 56;
	objects = {

/* Begin PBXBuildFile section */
		562C67F72A79030400621A96 /* DigiListApp.swift in Sources */ = {isa = PBXBuildFile; fileRef = 562C67F62A79030400621A96 /* DigiListApp.swift */; };
		562C67F92A79030400621A96 /* ContentView.swift in Sources */ = {isa = PBXBuildFile; fileRef = 562C67F82A79030400621A96 /* ContentView.swift */; };
		562C67FB2A79030400621A96 /* Assets.xcassets in Resources */ = {isa = PBXBuildFile; fileRef = 562C67FA2A79030400621A96 /* Assets.xcassets */; };
		562C67FE2A79030400621A96 /* Preview Assets.xcassets in Resources */ = {isa = PBXBuildFile; fileRef = 562C67FD2A79030400621A96 /* Preview Assets.xcassets */; };
		562C68082A79030500621A96 /* DigiListTests.swift in Sources */ = {isa = PBXBuildFile; fileRef = 562C68072A79030500621A96 /* DigiListTests.swift */; };
		562C68122A79030500621A96 /* DigiListUITests.swift in Sources */ = {isa = PBXBuildFile; fileRef = 562C68112A79030500621A96 /* DigiListUITests.swift */; };
		562C68142A79030500621A96 /* DigiListUITestsLaunchTests.swift in Sources */ = {isa = PBXBuildFile; fileRef = 562C68132A79030500621A96 /* DigiListUITestsLaunchTests.swift */; };
		562C68252A79039100621A96 /* LoginView.swift in Sources */ = {isa = PBXBuildFile; fileRef = 562C68242A79039100621A96 /* LoginView.swift */; };
		562C682A2A79326D00621A96 /* LoginViewModel.swift in Sources */ = {isa = PBXBuildFile; fileRef = 562C68292A79326D00621A96 /* LoginViewModel.swift */; };
		565633C52A8370F2004DB8EC /* LoginViewModelTests.swift in Sources */ = {isa = PBXBuildFile; fileRef = 565633C42A8370F2004DB8EC /* LoginViewModelTests.swift */; };
		565633C82A838A05004DB8EC /* SplashView.swift in Sources */ = {isa = PBXBuildFile; fileRef = 565633C72A838A05004DB8EC /* SplashView.swift */; };
		567A51AA2A7BC1BB005A40C1 /* RemoteDataSource.swift in Sources */ = {isa = PBXBuildFile; fileRef = 567A51A92A7BC1BB005A40C1 /* RemoteDataSource.swift */; };
		567A51AF2A7BC291005A40C1 /* Digimon.swift in Sources */ = {isa = PBXBuildFile; fileRef = 567A51AE2A7BC291005A40C1 /* Digimon.swift */; };
		567A51B12A7BC3BB005A40C1 /* RepositoryImpl.swift in Sources */ = {isa = PBXBuildFile; fileRef = 567A51B02A7BC3BB005A40C1 /* RepositoryImpl.swift */; };
		567A51B42A7BC3EA005A40C1 /* RepositoryProtocol.swift in Sources */ = {isa = PBXBuildFile; fileRef = 567A51B32A7BC3EA005A40C1 /* RepositoryProtocol.swift */; };
		567A51B62A7BC4CF005A40C1 /* RemoteDataSourceProtocol.swift in Sources */ = {isa = PBXBuildFile; fileRef = 567A51B52A7BC4CF005A40C1 /* RemoteDataSourceProtocol.swift */; };
		567A51BC2A7BCB72005A40C1 /* DigimonCellView.swift in Sources */ = {isa = PBXBuildFile; fileRef = 567A51BB2A7BCB72005A40C1 /* DigimonCellView.swift */; };
		56D588112A80CBB5008BDB5E /* HomeViewModel.swift in Sources */ = {isa = PBXBuildFile; fileRef = 56D588102A80CBB5008BDB5E /* HomeViewModel.swift */; };
		56D588142A80CEE4008BDB5E /* HomeView.swift in Sources */ = {isa = PBXBuildFile; fileRef = 56D588132A80CEE4008BDB5E /* HomeView.swift */; };
		56D6FF492A8215BE002736CB /* RootView.swift in Sources */ = {isa = PBXBuildFile; fileRef = 56D6FF482A8215BE002736CB /* RootView.swift */; };
		56D6FF4B2A8215C9002736CB /* RootViewModel.swift in Sources */ = {isa = PBXBuildFile; fileRef = 56D6FF4A2A8215C9002736CB /* RootViewModel.swift */; };
		56D6FF4E2A821E6C002736CB /* SettingsView.swift in Sources */ = {isa = PBXBuildFile; fileRef = 56D6FF4D2A821E6C002736CB /* SettingsView.swift */; };
/* End PBXBuildFile section */

/* Begin PBXContainerItemProxy section */
		562C68042A79030500621A96 /* PBXContainerItemProxy */ = {
			isa = PBXContainerItemProxy;
			containerPortal = 562C67EB2A79030400621A96 /* Project object */;
			proxyType = 1;
			remoteGlobalIDString = 562C67F22A79030400621A96;
			remoteInfo = DigiList;
		};
		562C680E2A79030500621A96 /* PBXContainerItemProxy */ = {
			isa = PBXContainerItemProxy;
			containerPortal = 562C67EB2A79030400621A96 /* Project object */;
			proxyType = 1;
			remoteGlobalIDString = 562C67F22A79030400621A96;
			remoteInfo = DigiList;
		};
/* End PBXContainerItemProxy section */

/* Begin PBXFileReference section */
		562C67F32A79030400621A96 /* DigiList.app */ = {isa = PBXFileReference; explicitFileType = wrapper.application; includeInIndex = 0; path = DigiList.app; sourceTree = BUILT_PRODUCTS_DIR; };
		562C67F62A79030400621A96 /* DigiListApp.swift */ = {isa = PBXFileReference; lastKnownFileType = sourcecode.swift; path = DigiListApp.swift; sourceTree = "<group>"; };
		562C67F82A79030400621A96 /* ContentView.swift */ = {isa = PBXFileReference; lastKnownFileType = sourcecode.swift; path = ContentView.swift; sourceTree = "<group>"; };
		562C67FA2A79030400621A96 /* Assets.xcassets */ = {isa = PBXFileReference; lastKnownFileType = folder.assetcatalog; path = Assets.xcassets; sourceTree = "<group>"; };
		562C67FD2A79030400621A96 /* Preview Assets.xcassets */ = {isa = PBXFileReference; lastKnownFileType = folder.assetcatalog; path = "Preview Assets.xcassets"; sourceTree = "<group>"; };
		562C68032A79030500621A96 /* DigiListTests.xctest */ = {isa = PBXFileReference; explicitFileType = wrapper.cfbundle; includeInIndex = 0; path = DigiListTests.xctest; sourceTree = BUILT_PRODUCTS_DIR; };
		562C68072A79030500621A96 /* DigiListTests.swift */ = {isa = PBXFileReference; lastKnownFileType = sourcecode.swift; path = DigiListTests.swift; sourceTree = "<group>"; };
		562C680D2A79030500621A96 /* DigiListUITests.xctest */ = {isa = PBXFileReference; explicitFileType = wrapper.cfbundle; includeInIndex = 0; path = DigiListUITests.xctest; sourceTree = BUILT_PRODUCTS_DIR; };
		562C68112A79030500621A96 /* DigiListUITests.swift */ = {isa = PBXFileReference; lastKnownFileType = sourcecode.swift; path = DigiListUITests.swift; sourceTree = "<group>"; };
		562C68132A79030500621A96 /* DigiListUITestsLaunchTests.swift */ = {isa = PBXFileReference; lastKnownFileType = sourcecode.swift; path = DigiListUITestsLaunchTests.swift; sourceTree = "<group>"; };
		562C68242A79039100621A96 /* LoginView.swift */ = {isa = PBXFileReference; lastKnownFileType = sourcecode.swift; path = LoginView.swift; sourceTree = "<group>"; };
		562C68292A79326D00621A96 /* LoginViewModel.swift */ = {isa = PBXFileReference; lastKnownFileType = sourcecode.swift; path = LoginViewModel.swift; sourceTree = "<group>"; };
		565633BF2A836951004DB8EC /* DigiList.xctestplan */ = {isa = PBXFileReference; lastKnownFileType = text; path = DigiList.xctestplan; sourceTree = "<group>"; };
		565633C42A8370F2004DB8EC /* LoginViewModelTests.swift */ = {isa = PBXFileReference; lastKnownFileType = sourcecode.swift; path = LoginViewModelTests.swift; sourceTree = "<group>"; };
		565633C72A838A05004DB8EC /* SplashView.swift */ = {isa = PBXFileReference; lastKnownFileType = sourcecode.swift; path = SplashView.swift; sourceTree = "<group>"; };
		567A51A92A7BC1BB005A40C1 /* RemoteDataSource.swift */ = {isa = PBXFileReference; lastKnownFileType = sourcecode.swift; path = RemoteDataSource.swift; sourceTree = "<group>"; };
		567A51AE2A7BC291005A40C1 /* Digimon.swift */ = {isa = PBXFileReference; lastKnownFileType = sourcecode.swift; path = Digimon.swift; sourceTree = "<group>"; };
		567A51B02A7BC3BB005A40C1 /* RepositoryImpl.swift */ = {isa = PBXFileReference; lastKnownFileType = sourcecode.swift; path = RepositoryImpl.swift; sourceTree = "<group>"; };
		567A51B32A7BC3EA005A40C1 /* RepositoryProtocol.swift */ = {isa = PBXFileReference; lastKnownFileType = sourcecode.swift; path = RepositoryProtocol.swift; sourceTree = "<group>"; };
		567A51B52A7BC4CF005A40C1 /* RemoteDataSourceProtocol.swift */ = {isa = PBXFileReference; lastKnownFileType = sourcecode.swift; path = RemoteDataSourceProtocol.swift; sourceTree = "<group>"; };
		567A51BB2A7BCB72005A40C1 /* DigimonCellView.swift */ = {isa = PBXFileReference; lastKnownFileType = sourcecode.swift; path = DigimonCellView.swift; sourceTree = "<group>"; };
		56D588102A80CBB5008BDB5E /* HomeViewModel.swift */ = {isa = PBXFileReference; lastKnownFileType = sourcecode.swift; path = HomeViewModel.swift; sourceTree = "<group>"; };
		56D588132A80CEE4008BDB5E /* HomeView.swift */ = {isa = PBXFileReference; lastKnownFileType = sourcecode.swift; path = HomeView.swift; sourceTree = "<group>"; };
		56D6FF482A8215BE002736CB /* RootView.swift */ = {isa = PBXFileReference; lastKnownFileType = sourcecode.swift; path = RootView.swift; sourceTree = "<group>"; };
		56D6FF4A2A8215C9002736CB /* RootViewModel.swift */ = {isa = PBXFileReference; lastKnownFileType = sourcecode.swift; path = RootViewModel.swift; sourceTree = "<group>"; };
		56D6FF4D2A821E6C002736CB /* SettingsView.swift */ = {isa = PBXFileReference; lastKnownFileType = sourcecode.swift; path = SettingsView.swift; sourceTree = "<group>"; };
/* End PBXFileReference section */

/* Begin PBXFrameworksBuildPhase section */
		562C67F02A79030400621A96 /* Frameworks */ = {
			isa = PBXFrameworksBuildPhase;
			buildActionMask = 2147483647;
			files = (
			);
			runOnlyForDeploymentPostprocessing = 0;
		};
		562C68002A79030500621A96 /* Frameworks */ = {
			isa = PBXFrameworksBuildPhase;
			buildActionMask = 2147483647;
			files = (
			);
			runOnlyForDeploymentPostprocessing = 0;
		};
		562C680A2A79030500621A96 /* Frameworks */ = {
			isa = PBXFrameworksBuildPhase;
			buildActionMask = 2147483647;
			files = (
			);
			runOnlyForDeploymentPostprocessing = 0;
		};
/* End PBXFrameworksBuildPhase section */

/* Begin PBXGroup section */
		562C67EA2A79030400621A96 = {
			isa = PBXGroup;
			children = (
				565633BF2A836951004DB8EC /* DigiList.xctestplan */,
				562C67F52A79030400621A96 /* DigiList */,
				562C68062A79030500621A96 /* DigiListTests */,
				562C68102A79030500621A96 /* DigiListUITests */,
				562C67F42A79030400621A96 /* Products */,
			);
			sourceTree = "<group>";
		};
		562C67F42A79030400621A96 /* Products */ = {
			isa = PBXGroup;
			children = (
				562C67F32A79030400621A96 /* DigiList.app */,
				562C68032A79030500621A96 /* DigiListTests.xctest */,
				562C680D2A79030500621A96 /* DigiListUITests.xctest */,
			);
			name = Products;
			sourceTree = "<group>";
		};
		562C67F52A79030400621A96 /* DigiList */ = {
			isa = PBXGroup;
			children = (
				567A51AB2A7BC251005A40C1 /* Domain */,
				567A51A72A7BC188005A40C1 /* Data */,
				562C68202A79034800621A96 /* Presentation */,
				562C67F62A79030400621A96 /* DigiListApp.swift */,
				562C67F82A79030400621A96 /* ContentView.swift */,
				562C67FA2A79030400621A96 /* Assets.xcassets */,
				562C67FC2A79030400621A96 /* Preview Content */,
			);
			path = DigiList;
			sourceTree = "<group>";
		};
		562C67FC2A79030400621A96 /* Preview Content */ = {
			isa = PBXGroup;
			children = (
				562C67FD2A79030400621A96 /* Preview Assets.xcassets */,
			);
			path = "Preview Content";
			sourceTree = "<group>";
		};
		562C68062A79030500621A96 /* DigiListTests */ = {
			isa = PBXGroup;
			children = (
				565633C32A8370DA004DB8EC /* Login */,
				565633C02A836F00004DB8EC /* Suts */,
				562C68072A79030500621A96 /* DigiListTests.swift */,
			);
			path = DigiListTests;
			sourceTree = "<group>";
		};
		562C68102A79030500621A96 /* DigiListUITests */ = {
			isa = PBXGroup;
			children = (
				562C68112A79030500621A96 /* DigiListUITests.swift */,
				562C68132A79030500621A96 /* DigiListUITestsLaunchTests.swift */,
			);
			path = DigiListUITests;
			sourceTree = "<group>";
		};
		562C68202A79034800621A96 /* Presentation */ = {
			isa = PBXGroup;
			children = (
				565633C62A8389F1004DB8EC /* Splash */,
				56D6FF4C2A821E5C002736CB /* Settings */,
				567A51B72A7BCB2C005A40C1 /* Home */,
				56C05BEF2A7A6A0900A349ED /* Root */,
				562C68212A79035800621A96 /* Login */,
			);
			path = Presentation;
			sourceTree = "<group>";
		};
		562C68212A79035800621A96 /* Login */ = {
			isa = PBXGroup;
			children = (
				562C68242A79039100621A96 /* LoginView.swift */,
				562C68292A79326D00621A96 /* LoginViewModel.swift */,
			);
			path = Login;
			sourceTree = "<group>";
		};
		565633C02A836F00004DB8EC /* Suts */ = {
			isa = PBXGroup;
			children = (
			);
			path = Suts;
			sourceTree = "<group>";
		};
		565633C32A8370DA004DB8EC /* Login */ = {
			isa = PBXGroup;
			children = (
				565633C42A8370F2004DB8EC /* LoginViewModelTests.swift */,
			);
			path = Login;
			sourceTree = "<group>";
		};
		565633C62A8389F1004DB8EC /* Splash */ = {
			isa = PBXGroup;
			children = (
				565633C72A838A05004DB8EC /* SplashView.swift */,
			);
			path = Splash;
			sourceTree = "<group>";
		};
		567A51A72A7BC188005A40C1 /* Data */ = {
			isa = PBXGroup;
			children = (
				567A51A82A7BC19D005A40C1 /* Remote */,
				567A51B02A7BC3BB005A40C1 /* RepositoryImpl.swift */,
			);
			path = Data;
			sourceTree = "<group>";
		};
		567A51A82A7BC19D005A40C1 /* Remote */ = {
			isa = PBXGroup;
			children = (
				567A51A92A7BC1BB005A40C1 /* RemoteDataSource.swift */,
			);
			path = Remote;
			sourceTree = "<group>";
		};
		567A51AB2A7BC251005A40C1 /* Domain */ = {
			isa = PBXGroup;
			children = (
				567A51B22A7BC3DB005A40C1 /* Protocols */,
				567A51AC2A7BC25A005A40C1 /* Models */,
			);
			path = Domain;
			sourceTree = "<group>";
		};
		567A51AC2A7BC25A005A40C1 /* Models */ = {
			isa = PBXGroup;
			children = (
				567A51AE2A7BC291005A40C1 /* Digimon.swift */,
			);
			path = Models;
			sourceTree = "<group>";
		};
		567A51B22A7BC3DB005A40C1 /* Protocols */ = {
			isa = PBXGroup;
			children = (
				567A51B32A7BC3EA005A40C1 /* RepositoryProtocol.swift */,
				567A51B52A7BC4CF005A40C1 /* RemoteDataSourceProtocol.swift */,
			);
			path = Protocols;
			sourceTree = "<group>";
		};
		567A51B72A7BCB2C005A40C1 /* Home */ = {
			isa = PBXGroup;
			children = (
				567A51B82A7BCB3A005A40C1 /* DigimonCell */,
				56D588102A80CBB5008BDB5E /* HomeViewModel.swift */,
				56D588132A80CEE4008BDB5E /* HomeView.swift */,
			);
			path = Home;
			sourceTree = "<group>";
		};
		567A51B82A7BCB3A005A40C1 /* DigimonCell */ = {
			isa = PBXGroup;
			children = (
				567A51BB2A7BCB72005A40C1 /* DigimonCellView.swift */,
			);
			path = DigimonCell;
			sourceTree = "<group>";
		};
		56C05BEF2A7A6A0900A349ED /* Root */ = {
			isa = PBXGroup;
			children = (
				56D6FF482A8215BE002736CB /* RootView.swift */,
				56D6FF4A2A8215C9002736CB /* RootViewModel.swift */,
			);
			path = Root;
			sourceTree = "<group>";
		};
		56D6FF4C2A821E5C002736CB /* Settings */ = {
			isa = PBXGroup;
			children = (
				56D6FF4D2A821E6C002736CB /* SettingsView.swift */,
			);
			path = Settings;
			sourceTree = "<group>";
		};
/* End PBXGroup section */

/* Begin PBXNativeTarget section */
		562C67F22A79030400621A96 /* DigiList */ = {
			isa = PBXNativeTarget;
			buildConfigurationList = 562C68172A79030500621A96 /* Build configuration list for PBXNativeTarget "DigiList" */;
			buildPhases = (
				562C67EF2A79030400621A96 /* Sources */,
				562C67F02A79030400621A96 /* Frameworks */,
				562C67F12A79030400621A96 /* Resources */,
			);
			buildRules = (
			);
			dependencies = (
			);
			name = DigiList;
			packageProductDependencies = (
			);
			productName = DigiList;
			productReference = 562C67F32A79030400621A96 /* DigiList.app */;
			productType = "com.apple.product-type.application";
		};
		562C68022A79030500621A96 /* DigiListTests */ = {
			isa = PBXNativeTarget;
			buildConfigurationList = 562C681A2A79030500621A96 /* Build configuration list for PBXNativeTarget "DigiListTests" */;
			buildPhases = (
				562C67FF2A79030500621A96 /* Sources */,
				562C68002A79030500621A96 /* Frameworks */,
				562C68012A79030500621A96 /* Resources */,
			);
			buildRules = (
			);
			dependencies = (
				562C68052A79030500621A96 /* PBXTargetDependency */,
			);
			name = DigiListTests;
			productName = DigiListTests;
			productReference = 562C68032A79030500621A96 /* DigiListTests.xctest */;
			productType = "com.apple.product-type.bundle.unit-test";
		};
		562C680C2A79030500621A96 /* DigiListUITests */ = {
			isa = PBXNativeTarget;
			buildConfigurationList = 562C681D2A79030500621A96 /* Build configuration list for PBXNativeTarget "DigiListUITests" */;
			buildPhases = (
				562C68092A79030500621A96 /* Sources */,
				562C680A2A79030500621A96 /* Frameworks */,
				562C680B2A79030500621A96 /* Resources */,
			);
			buildRules = (
			);
			dependencies = (
				562C680F2A79030500621A96 /* PBXTargetDependency */,
			);
			name = DigiListUITests;
			productName = DigiListUITests;
			productReference = 562C680D2A79030500621A96 /* DigiListUITests.xctest */;
			productType = "com.apple.product-type.bundle.ui-testing";
		};
/* End PBXNativeTarget section */

/* Begin PBXProject section */
		562C67EB2A79030400621A96 /* Project object */ = {
			isa = PBXProject;
			attributes = {
				BuildIndependentTargetsInParallel = 1;
				LastSwiftUpdateCheck = 1430;
				LastUpgradeCheck = 1430;
				TargetAttributes = {
					562C67F22A79030400621A96 = {
						CreatedOnToolsVersion = 14.3.1;
					};
					562C68022A79030500621A96 = {
						CreatedOnToolsVersion = 14.3.1;
						TestTargetID = 562C67F22A79030400621A96;
					};
					562C680C2A79030500621A96 = {
						CreatedOnToolsVersion = 14.3.1;
						TestTargetID = 562C67F22A79030400621A96;
					};
				};
			};
			buildConfigurationList = 562C67EE2A79030400621A96 /* Build configuration list for PBXProject "DigiList" */;
			compatibilityVersion = "Xcode 14.0";
			developmentRegion = en;
			hasScannedForEncodings = 0;
			knownRegions = (
				en,
				Base,
			);
			mainGroup = 562C67EA2A79030400621A96;
			packageReferences = (
			);
			productRefGroup = 562C67F42A79030400621A96 /* Products */;
			projectDirPath = "";
			projectRoot = "";
			targets = (
				562C67F22A79030400621A96 /* DigiList */,
				562C68022A79030500621A96 /* DigiListTests */,
				562C680C2A79030500621A96 /* DigiListUITests */,
			);
		};
/* End PBXProject section */

/* Begin PBXResourcesBuildPhase section */
		562C67F12A79030400621A96 /* Resources */ = {
			isa = PBXResourcesBuildPhase;
			buildActionMask = 2147483647;
			files = (
				562C67FE2A79030400621A96 /* Preview Assets.xcassets in Resources */,
				562C67FB2A79030400621A96 /* Assets.xcassets in Resources */,
			);
			runOnlyForDeploymentPostprocessing = 0;
		};
		562C68012A79030500621A96 /* Resources */ = {
			isa = PBXResourcesBuildPhase;
			buildActionMask = 2147483647;
			files = (
			);
			runOnlyForDeploymentPostprocessing = 0;
		};
		562C680B2A79030500621A96 /* Resources */ = {
			isa = PBXResourcesBuildPhase;
			buildActionMask = 2147483647;
			files = (
			);
			runOnlyForDeploymentPostprocessing = 0;
		};
/* End PBXResourcesBuildPhase section */

/* Begin PBXSourcesBuildPhase section */
		562C67EF2A79030400621A96 /* Sources */ = {
			isa = PBXSourcesBuildPhase;
			buildActionMask = 2147483647;
			files = (
				56D6FF4E2A821E6C002736CB /* SettingsView.swift in Sources */,
				565633C82A838A05004DB8EC /* SplashView.swift in Sources */,
				562C682A2A79326D00621A96 /* LoginViewModel.swift in Sources */,
				56D588112A80CBB5008BDB5E /* HomeViewModel.swift in Sources */,
				567A51B62A7BC4CF005A40C1 /* RemoteDataSourceProtocol.swift in Sources */,
				567A51AA2A7BC1BB005A40C1 /* RemoteDataSource.swift in Sources */,
				562C68252A79039100621A96 /* LoginView.swift in Sources */,
				567A51BC2A7BCB72005A40C1 /* DigimonCellView.swift in Sources */,
				562C67F92A79030400621A96 /* ContentView.swift in Sources */,
				562C67F72A79030400621A96 /* DigiListApp.swift in Sources */,
				56D6FF4B2A8215C9002736CB /* RootViewModel.swift in Sources */,
				567A51B42A7BC3EA005A40C1 /* RepositoryProtocol.swift in Sources */,
				56D6FF492A8215BE002736CB /* RootView.swift in Sources */,
				56D588142A80CEE4008BDB5E /* HomeView.swift in Sources */,
				567A51B12A7BC3BB005A40C1 /* RepositoryImpl.swift in Sources */,
				567A51AF2A7BC291005A40C1 /* Digimon.swift in Sources */,
			);
			runOnlyForDeploymentPostprocessing = 0;
		};
		562C67FF2A79030500621A96 /* Sources */ = {
			isa = PBXSourcesBuildPhase;
			buildActionMask = 2147483647;
			files = (
				565633C52A8370F2004DB8EC /* LoginViewModelTests.swift in Sources */,
				562C68082A79030500621A96 /* DigiListTests.swift in Sources */,
			);
			runOnlyForDeploymentPostprocessing = 0;
		};
		562C68092A79030500621A96 /* Sources */ = {
			isa = PBXSourcesBuildPhase;
			buildActionMask = 2147483647;
			files = (
				562C68142A79030500621A96 /* DigiListUITestsLaunchTests.swift in Sources */,
				562C68122A79030500621A96 /* DigiListUITests.swift in Sources */,
			);
			runOnlyForDeploymentPostprocessing = 0;
		};
/* End PBXSourcesBuildPhase section */

/* Begin PBXTargetDependency section */
		562C68052A79030500621A96 /* PBXTargetDependency */ = {
			isa = PBXTargetDependency;
			target = 562C67F22A79030400621A96 /* DigiList */;
			targetProxy = 562C68042A79030500621A96 /* PBXContainerItemProxy */;
		};
		562C680F2A79030500621A96 /* PBXTargetDependency */ = {
			isa = PBXTargetDependency;
			target = 562C67F22A79030400621A96 /* DigiList */;
			targetProxy = 562C680E2A79030500621A96 /* PBXContainerItemProxy */;
		};
/* End PBXTargetDependency section */

/* Begin XCBuildConfiguration section */
		562C68152A79030500621A96 /* Debug */ = {
			isa = XCBuildConfiguration;
			buildSettings = {
				ALWAYS_SEARCH_USER_PATHS = NO;
				CLANG_ANALYZER_NONNULL = YES;
				CLANG_ANALYZER_NUMBER_OBJECT_CONVERSION = YES_AGGRESSIVE;
				CLANG_CXX_LANGUAGE_STANDARD = "gnu++20";
				CLANG_ENABLE_MODULES = YES;
				CLANG_ENABLE_OBJC_ARC = YES;
				CLANG_ENABLE_OBJC_WEAK = YES;
				CLANG_WARN_BLOCK_CAPTURE_AUTORELEASING = YES;
				CLANG_WARN_BOOL_CONVERSION = YES;
				CLANG_WARN_COMMA = YES;
				CLANG_WARN_CONSTANT_CONVERSION = YES;
				CLANG_WARN_DEPRECATED_OBJC_IMPLEMENTATIONS = YES;
				CLANG_WARN_DIRECT_OBJC_ISA_USAGE = YES_ERROR;
				CLANG_WARN_DOCUMENTATION_COMMENTS = YES;
				CLANG_WARN_EMPTY_BODY = YES;
				CLANG_WARN_ENUM_CONVERSION = YES;
				CLANG_WARN_INFINITE_RECURSION = YES;
				CLANG_WARN_INT_CONVERSION = YES;
				CLANG_WARN_NON_LITERAL_NULL_CONVERSION = YES;
				CLANG_WARN_OBJC_IMPLICIT_RETAIN_SELF = YES;
				CLANG_WARN_OBJC_LITERAL_CONVERSION = YES;
				CLANG_WARN_OBJC_ROOT_CLASS = YES_ERROR;
				CLANG_WARN_QUOTED_INCLUDE_IN_FRAMEWORK_HEADER = YES;
				CLANG_WARN_RANGE_LOOP_ANALYSIS = YES;
				CLANG_WARN_STRICT_PROTOTYPES = YES;
				CLANG_WARN_SUSPICIOUS_MOVE = YES;
				CLANG_WARN_UNGUARDED_AVAILABILITY = YES_AGGRESSIVE;
				CLANG_WARN_UNREACHABLE_CODE = YES;
				CLANG_WARN__DUPLICATE_METHOD_MATCH = YES;
				COPY_PHASE_STRIP = NO;
				DEBUG_INFORMATION_FORMAT = dwarf;
				ENABLE_STRICT_OBJC_MSGSEND = YES;
				ENABLE_TESTABILITY = YES;
				GCC_C_LANGUAGE_STANDARD = gnu11;
				GCC_DYNAMIC_NO_PIC = NO;
				GCC_NO_COMMON_BLOCKS = YES;
				GCC_OPTIMIZATION_LEVEL = 0;
				GCC_PREPROCESSOR_DEFINITIONS = (
					"DEBUG=1",
					"$(inherited)",
				);
				GCC_WARN_64_TO_32_BIT_CONVERSION = YES;
				GCC_WARN_ABOUT_RETURN_TYPE = YES_ERROR;
				GCC_WARN_UNDECLARED_SELECTOR = YES;
				GCC_WARN_UNINITIALIZED_AUTOS = YES_AGGRESSIVE;
				GCC_WARN_UNUSED_FUNCTION = YES;
				GCC_WARN_UNUSED_VARIABLE = YES;
				IPHONEOS_DEPLOYMENT_TARGET = 16.4;
				MTL_ENABLE_DEBUG_INFO = INCLUDE_SOURCE;
				MTL_FAST_MATH = YES;
				ONLY_ACTIVE_ARCH = YES;
				SDKROOT = iphoneos;
				SWIFT_ACTIVE_COMPILATION_CONDITIONS = DEBUG;
				SWIFT_OPTIMIZATION_LEVEL = "-Onone";
			};
			name = Debug;
		};
		562C68162A79030500621A96 /* Release */ = {
			isa = XCBuildConfiguration;
			buildSettings = {
				ALWAYS_SEARCH_USER_PATHS = NO;
				CLANG_ANALYZER_NONNULL = YES;
				CLANG_ANALYZER_NUMBER_OBJECT_CONVERSION = YES_AGGRESSIVE;
				CLANG_CXX_LANGUAGE_STANDARD = "gnu++20";
				CLANG_ENABLE_MODULES = YES;
				CLANG_ENABLE_OBJC_ARC = YES;
				CLANG_ENABLE_OBJC_WEAK = YES;
				CLANG_WARN_BLOCK_CAPTURE_AUTORELEASING = YES;
				CLANG_WARN_BOOL_CONVERSION = YES;
				CLANG_WARN_COMMA = YES;
				CLANG_WARN_CONSTANT_CONVERSION = YES;
				CLANG_WARN_DEPRECATED_OBJC_IMPLEMENTATIONS = YES;
				CLANG_WARN_DIRECT_OBJC_ISA_USAGE = YES_ERROR;
				CLANG_WARN_DOCUMENTATION_COMMENTS = YES;
				CLANG_WARN_EMPTY_BODY = YES;
				CLANG_WARN_ENUM_CONVERSION = YES;
				CLANG_WARN_INFINITE_RECURSION = YES;
				CLANG_WARN_INT_CONVERSION = YES;
				CLANG_WARN_NON_LITERAL_NULL_CONVERSION = YES;
				CLANG_WARN_OBJC_IMPLICIT_RETAIN_SELF = YES;
				CLANG_WARN_OBJC_LITERAL_CONVERSION = YES;
				CLANG_WARN_OBJC_ROOT_CLASS = YES_ERROR;
				CLANG_WARN_QUOTED_INCLUDE_IN_FRAMEWORK_HEADER = YES;
				CLANG_WARN_RANGE_LOOP_ANALYSIS = YES;
				CLANG_WARN_STRICT_PROTOTYPES = YES;
				CLANG_WARN_SUSPICIOUS_MOVE = YES;
				CLANG_WARN_UNGUARDED_AVAILABILITY = YES_AGGRESSIVE;
				CLANG_WARN_UNREACHABLE_CODE = YES;
				CLANG_WARN__DUPLICATE_METHOD_MATCH = YES;
				COPY_PHASE_STRIP = NO;
				DEBUG_INFORMATION_FORMAT = "dwarf-with-dsym";
				ENABLE_NS_ASSERTIONS = NO;
				ENABLE_STRICT_OBJC_MSGSEND = YES;
				GCC_C_LANGUAGE_STANDARD = gnu11;
				GCC_NO_COMMON_BLOCKS = YES;
				GCC_WARN_64_TO_32_BIT_CONVERSION = YES;
				GCC_WARN_ABOUT_RETURN_TYPE = YES_ERROR;
				GCC_WARN_UNDECLARED_SELECTOR = YES;
				GCC_WARN_UNINITIALIZED_AUTOS = YES_AGGRESSIVE;
				GCC_WARN_UNUSED_FUNCTION = YES;
				GCC_WARN_UNUSED_VARIABLE = YES;
				IPHONEOS_DEPLOYMENT_TARGET = 16.4;
				MTL_ENABLE_DEBUG_INFO = NO;
				MTL_FAST_MATH = YES;
				SDKROOT = iphoneos;
				SWIFT_COMPILATION_MODE = wholemodule;
				SWIFT_OPTIMIZATION_LEVEL = "-O";
				VALIDATE_PRODUCT = YES;
			};
			name = Release;
		};
		562C68182A79030500621A96 /* Debug */ = {
			isa = XCBuildConfiguration;
			buildSettings = {
				ASSETCATALOG_COMPILER_APPICON_NAME = AppIcon;
				ASSETCATALOG_COMPILER_GLOBAL_ACCENT_COLOR_NAME = AccentColor;
				ASSETCATALOG_COMPILER_INCLUDE_ALL_APPICON_ASSETS = YES;
				CODE_SIGN_STYLE = Automatic;
				CURRENT_PROJECT_VERSION = 1;
				DEVELOPMENT_ASSET_PATHS = "\"DigiList/Preview Content\"";
				DEVELOPMENT_TEAM = 72ZZ2P784Z;
				ENABLE_PREVIEWS = YES;
				GENERATE_INFOPLIST_FILE = YES;
				INFOPLIST_KEY_UIApplicationSceneManifest_Generation = YES;
				INFOPLIST_KEY_UIApplicationSupportsIndirectInputEvents = YES;
				INFOPLIST_KEY_UILaunchScreen_Generation = YES;
				INFOPLIST_KEY_UISupportedInterfaceOrientations_iPad = "UIInterfaceOrientationPortrait UIInterfaceOrientationPortraitUpsideDown UIInterfaceOrientationLandscapeLeft UIInterfaceOrientationLandscapeRight";
				INFOPLIST_KEY_UISupportedInterfaceOrientations_iPhone = "UIInterfaceOrientationPortrait UIInterfaceOrientationLandscapeLeft UIInterfaceOrientationLandscapeRight";
				LD_RUNPATH_SEARCH_PATHS = (
					"$(inherited)",
					"@executable_path/Frameworks",
				);
				MARKETING_VERSION = 1.0;
				PRODUCT_BUNDLE_IDENTIFIER = com.diegocruz.DigiList;
				PRODUCT_NAME = "$(TARGET_NAME)";
				SWIFT_EMIT_LOC_STRINGS = YES;
				SWIFT_VERSION = 5.0;
				TARGETED_DEVICE_FAMILY = "1,2";
			};
			name = Debug;
		};
		562C68192A79030500621A96 /* Release */ = {
			isa = XCBuildConfiguration;
			buildSettings = {
				ASSETCATALOG_COMPILER_APPICON_NAME = AppIcon;
				ASSETCATALOG_COMPILER_GLOBAL_ACCENT_COLOR_NAME = AccentColor;
				ASSETCATALOG_COMPILER_INCLUDE_ALL_APPICON_ASSETS = YES;
				CODE_SIGN_STYLE = Automatic;
				CURRENT_PROJECT_VERSION = 1;
				DEVELOPMENT_ASSET_PATHS = "\"DigiList/Preview Content\"";
				DEVELOPMENT_TEAM = 72ZZ2P784Z;
				ENABLE_PREVIEWS = YES;
				GENERATE_INFOPLIST_FILE = YES;
				INFOPLIST_KEY_UIApplicationSceneManifest_Generation = YES;
				INFOPLIST_KEY_UIApplicationSupportsIndirectInputEvents = YES;
				INFOPLIST_KEY_UILaunchScreen_Generation = YES;
				INFOPLIST_KEY_UISupportedInterfaceOrientations_iPad = "UIInterfaceOrientationPortrait UIInterfaceOrientationPortraitUpsideDown UIInterfaceOrientationLandscapeLeft UIInterfaceOrientationLandscapeRight";
				INFOPLIST_KEY_UISupportedInterfaceOrientations_iPhone = "UIInterfaceOrientationPortrait UIInterfaceOrientationLandscapeLeft UIInterfaceOrientationLandscapeRight";
				LD_RUNPATH_SEARCH_PATHS = (
					"$(inherited)",
					"@executable_path/Frameworks",
				);
				MARKETING_VERSION = 1.0;
				PRODUCT_BUNDLE_IDENTIFIER = com.diegocruz.DigiList;
				PRODUCT_NAME = "$(TARGET_NAME)";
				SWIFT_EMIT_LOC_STRINGS = YES;
				SWIFT_VERSION = 5.0;
				TARGETED_DEVICE_FAMILY = "1,2";
			};
			name = Release;
		};
		562C681B2A79030500621A96 /* Debug */ = {
			isa = XCBuildConfiguration;
			buildSettings = {
				ALWAYS_EMBED_SWIFT_STANDARD_LIBRARIES = YES;
				BUNDLE_LOADER = "$(TEST_HOST)";
				CODE_SIGN_STYLE = Automatic;
				CURRENT_PROJECT_VERSION = 1;
				DEVELOPMENT_TEAM = 72ZZ2P784Z;
				GENERATE_INFOPLIST_FILE = YES;
				IPHONEOS_DEPLOYMENT_TARGET = 16.4;
				MARKETING_VERSION = 1.0;
				PRODUCT_BUNDLE_IDENTIFIER = com.diegocruz.DigiListTests;
				PRODUCT_NAME = "$(TARGET_NAME)";
				SWIFT_EMIT_LOC_STRINGS = NO;
				SWIFT_VERSION = 5.0;
				TARGETED_DEVICE_FAMILY = "1,2";
				TEST_HOST = "$(BUILT_PRODUCTS_DIR)/DigiList.app/$(BUNDLE_EXECUTABLE_FOLDER_PATH)/DigiList";
			};
			name = Debug;
		};
		562C681C2A79030500621A96 /* Release */ = {
			isa = XCBuildConfiguration;
			buildSettings = {
				ALWAYS_EMBED_SWIFT_STANDARD_LIBRARIES = YES;
				BUNDLE_LOADER = "$(TEST_HOST)";
				CODE_SIGN_STYLE = Automatic;
				CURRENT_PROJECT_VERSION = 1;
				DEVELOPMENT_TEAM = 72ZZ2P784Z;
				GENERATE_INFOPLIST_FILE = YES;
				IPHONEOS_DEPLOYMENT_TARGET = 16.4;
				MARKETING_VERSION = 1.0;
				PRODUCT_BUNDLE_IDENTIFIER = com.diegocruz.DigiListTests;
				PRODUCT_NAME = "$(TARGET_NAME)";
				SWIFT_EMIT_LOC_STRINGS = NO;
				SWIFT_VERSION = 5.0;
				TARGETED_DEVICE_FAMILY = "1,2";
				TEST_HOST = "$(BUILT_PRODUCTS_DIR)/DigiList.app/$(BUNDLE_EXECUTABLE_FOLDER_PATH)/DigiList";
			};
			name = Release;
		};
		562C681E2A79030500621A96 /* Debug */ = {
			isa = XCBuildConfiguration;
			buildSettings = {
				ALWAYS_EMBED_SWIFT_STANDARD_LIBRARIES = YES;
				CODE_SIGN_STYLE = Automatic;
				CURRENT_PROJECT_VERSION = 1;
				DEVELOPMENT_TEAM = 72ZZ2P784Z;
				GENERATE_INFOPLIST_FILE = YES;
				MARKETING_VERSION = 1.0;
				PRODUCT_BUNDLE_IDENTIFIER = com.diegocruz.DigiListUITests;
				PRODUCT_NAME = "$(TARGET_NAME)";
				SWIFT_EMIT_LOC_STRINGS = NO;
				SWIFT_VERSION = 5.0;
				TARGETED_DEVICE_FAMILY = "1,2";
				TEST_TARGET_NAME = DigiList;
			};
			name = Debug;
		};
		562C681F2A79030500621A96 /* Release */ = {
			isa = XCBuildConfiguration;
			buildSettings = {
				ALWAYS_EMBED_SWIFT_STANDARD_LIBRARIES = YES;
				CODE_SIGN_STYLE = Automatic;
				CURRENT_PROJECT_VERSION = 1;
				DEVELOPMENT_TEAM = 72ZZ2P784Z;
				GENERATE_INFOPLIST_FILE = YES;
				MARKETING_VERSION = 1.0;
				PRODUCT_BUNDLE_IDENTIFIER = com.diegocruz.DigiListUITests;
				PRODUCT_NAME = "$(TARGET_NAME)";
				SWIFT_EMIT_LOC_STRINGS = NO;
				SWIFT_VERSION = 5.0;
				TARGETED_DEVICE_FAMILY = "1,2";
				TEST_TARGET_NAME = DigiList;
			};
			name = Release;
		};
/* End XCBuildConfiguration section */

/* Begin XCConfigurationList section */
		562C67EE2A79030400621A96 /* Build configuration list for PBXProject "DigiList" */ = {
			isa = XCConfigurationList;
			buildConfigurations = (
				562C68152A79030500621A96 /* Debug */,
				562C68162A79030500621A96 /* Release */,
			);
			defaultConfigurationIsVisible = 0;
			defaultConfigurationName = Release;
		};
		562C68172A79030500621A96 /* Build configuration list for PBXNativeTarget "DigiList" */ = {
			isa = XCConfigurationList;
			buildConfigurations = (
				562C68182A79030500621A96 /* Debug */,
				562C68192A79030500621A96 /* Release */,
			);
			defaultConfigurationIsVisible = 0;
			defaultConfigurationName = Release;
		};
		562C681A2A79030500621A96 /* Build configuration list for PBXNativeTarget "DigiListTests" */ = {
			isa = XCConfigurationList;
			buildConfigurations = (
				562C681B2A79030500621A96 /* Debug */,
				562C681C2A79030500621A96 /* Release */,
			);
			defaultConfigurationIsVisible = 0;
			defaultConfigurationName = Release;
		};
		562C681D2A79030500621A96 /* Build configuration list for PBXNativeTarget "DigiListUITests" */ = {
			isa = XCConfigurationList;
			buildConfigurations = (
				562C681E2A79030500621A96 /* Debug */,
				562C681F2A79030500621A96 /* Release */,
			);
			defaultConfigurationIsVisible = 0;
			defaultConfigurationName = Release;
		};
/* End XCConfigurationList section */
	};
	rootObject = 562C67EB2A79030400621A96 /* Project object */;
}
